// !$*UTF8*$!
{
	archiveVersion = 1;
	classes = {
	};
	objectVersion = 56;
	objects = {

/* Begin PBXBuildFile section */
		716329752ADDAF1000D77CF2 /* RsyncerApp.swift in Sources */ = {isa = PBXBuildFile; fileRef = 716329742ADDAF1000D77CF2 /* RsyncerApp.swift */; };
		716329772ADDAF1000D77CF2 /* ContentView.swift in Sources */ = {isa = PBXBuildFile; fileRef = 716329762ADDAF1000D77CF2 /* ContentView.swift */; };
		716329792ADDAF1100D77CF2 /* Assets.xcassets in Resources */ = {isa = PBXBuildFile; fileRef = 716329782ADDAF1100D77CF2 /* Assets.xcassets */; };
		7163297C2ADDAF1100D77CF2 /* Preview Assets.xcassets in Resources */ = {isa = PBXBuildFile; fileRef = 7163297B2ADDAF1100D77CF2 /* Preview Assets.xcassets */; };
		716329872ADDAF1100D77CF2 /* RsyncerTests.swift in Sources */ = {isa = PBXBuildFile; fileRef = 716329862ADDAF1100D77CF2 /* RsyncerTests.swift */; };
		716329912ADDAF1100D77CF2 /* RsyncerUITests.swift in Sources */ = {isa = PBXBuildFile; fileRef = 716329902ADDAF1100D77CF2 /* RsyncerUITests.swift */; };
		716329932ADDAF1100D77CF2 /* RsyncerUITestsLaunchTests.swift in Sources */ = {isa = PBXBuildFile; fileRef = 716329922ADDAF1100D77CF2 /* RsyncerUITestsLaunchTests.swift */; };
/* End PBXBuildFile section */

/* Begin PBXContainerItemProxy section */
		716329832ADDAF1100D77CF2 /* PBXContainerItemProxy */ = {
			isa = PBXContainerItemProxy;
			containerPortal = 716329692ADDAF1000D77CF2 /* Project object */;
			proxyType = 1;
			remoteGlobalIDString = 716329702ADDAF1000D77CF2;
			remoteInfo = Rsyncer;
		};
		7163298D2ADDAF1100D77CF2 /* PBXContainerItemProxy */ = {
			isa = PBXContainerItemProxy;
			containerPortal = 716329692ADDAF1000D77CF2 /* Project object */;
			proxyType = 1;
			remoteGlobalIDString = 716329702ADDAF1000D77CF2;
			remoteInfo = Rsyncer;
		};
/* End PBXContainerItemProxy section */

/* Begin PBXFileReference section */
		716329712ADDAF1000D77CF2 /* Rsyncer.app */ = {isa = PBXFileReference; explicitFileType = wrapper.application; includeInIndex = 0; path = Rsyncer.app; sourceTree = BUILT_PRODUCTS_DIR; };
		716329742ADDAF1000D77CF2 /* RsyncerApp.swift */ = {isa = PBXFileReference; lastKnownFileType = sourcecode.swift; path = RsyncerApp.swift; sourceTree = "<group>"; };
		716329762ADDAF1000D77CF2 /* ContentView.swift */ = {isa = PBXFileReference; lastKnownFileType = sourcecode.swift; path = ContentView.swift; sourceTree = "<group>"; };
		716329782ADDAF1100D77CF2 /* Assets.xcassets */ = {isa = PBXFileReference; lastKnownFileType = folder.assetcatalog; path = Assets.xcassets; sourceTree = "<group>"; };
		7163297B2ADDAF1100D77CF2 /* Preview Assets.xcassets */ = {isa = PBXFileReference; lastKnownFileType = folder.assetcatalog; path = "Preview Assets.xcassets"; sourceTree = "<group>"; };
		7163297D2ADDAF1100D77CF2 /* Rsyncer.entitlements */ = {isa = PBXFileReference; lastKnownFileType = text.plist.entitlements; path = Rsyncer.entitlements; sourceTree = "<group>"; };
		716329822ADDAF1100D77CF2 /* RsyncerTests.xctest */ = {isa = PBXFileReference; explicitFileType = wrapper.cfbundle; includeInIndex = 0; path = RsyncerTests.xctest; sourceTree = BUILT_PRODUCTS_DIR; };
		716329862ADDAF1100D77CF2 /* RsyncerTests.swift */ = {isa = PBXFileReference; lastKnownFileType = sourcecode.swift; path = RsyncerTests.swift; sourceTree = "<group>"; };
		7163298C2ADDAF1100D77CF2 /* RsyncerUITests.xctest */ = {isa = PBXFileReference; explicitFileType = wrapper.cfbundle; includeInIndex = 0; path = RsyncerUITests.xctest; sourceTree = BUILT_PRODUCTS_DIR; };
		716329902ADDAF1100D77CF2 /* RsyncerUITests.swift */ = {isa = PBXFileReference; lastKnownFileType = sourcecode.swift; path = RsyncerUITests.swift; sourceTree = "<group>"; };
		716329922ADDAF1100D77CF2 /* RsyncerUITestsLaunchTests.swift */ = {isa = PBXFileReference; lastKnownFileType = sourcecode.swift; path = RsyncerUITestsLaunchTests.swift; sourceTree = "<group>"; };
/* End PBXFileReference section */

/* Begin PBXFrameworksBuildPhase section */
		7163296E2ADDAF1000D77CF2 /* Frameworks */ = {
			isa = PBXFrameworksBuildPhase;
			buildActionMask = 2147483647;
			files = (
			);
			runOnlyForDeploymentPostprocessing = 0;
		};
		7163297F2ADDAF1100D77CF2 /* Frameworks */ = {
			isa = PBXFrameworksBuildPhase;
			buildActionMask = 2147483647;
			files = (
			);
			runOnlyForDeploymentPostprocessing = 0;
		};
		716329892ADDAF1100D77CF2 /* Frameworks */ = {
			isa = PBXFrameworksBuildPhase;
			buildActionMask = 2147483647;
			files = (
			);
			runOnlyForDeploymentPostprocessing = 0;
		};
/* End PBXFrameworksBuildPhase section */

/* Begin PBXGroup section */
		716329682ADDAF1000D77CF2 = {
			isa = PBXGroup;
			children = (
				716329732ADDAF1000D77CF2 /* Rsyncer */,
				716329852ADDAF1100D77CF2 /* RsyncerTests */,
				7163298F2ADDAF1100D77CF2 /* RsyncerUITests */,
				716329722ADDAF1000D77CF2 /* Products */,
			);
			sourceTree = "<group>";
		};
		716329722ADDAF1000D77CF2 /* Products */ = {
			isa = PBXGroup;
			children = (
				716329712ADDAF1000D77CF2 /* Rsyncer.app */,
				716329822ADDAF1100D77CF2 /* RsyncerTests.xctest */,
				7163298C2ADDAF1100D77CF2 /* RsyncerUITests.xctest */,
			);
			name = Products;
			sourceTree = "<group>";
		};
		716329732ADDAF1000D77CF2 /* Rsyncer */ = {
			isa = PBXGroup;
			children = (
				716329742ADDAF1000D77CF2 /* RsyncerApp.swift */,
				716329762ADDAF1000D77CF2 /* ContentView.swift */,
				716329782ADDAF1100D77CF2 /* Assets.xcassets */,
				7163297D2ADDAF1100D77CF2 /* Rsyncer.entitlements */,
				7163297A2ADDAF1100D77CF2 /* Preview Content */,
			);
			path = Rsyncer;
			sourceTree = "<group>";
		};
		7163297A2ADDAF1100D77CF2 /* Preview Content */ = {
			isa = PBXGroup;
			children = (
				7163297B2ADDAF1100D77CF2 /* Preview Assets.xcassets */,
			);
			path = "Preview Content";
			sourceTree = "<group>";
		};
		716329852ADDAF1100D77CF2 /* RsyncerTests */ = {
			isa = PBXGroup;
			children = (
				716329862ADDAF1100D77CF2 /* RsyncerTests.swift */,
			);
			path = RsyncerTests;
			sourceTree = "<group>";
		};
		7163298F2ADDAF1100D77CF2 /* RsyncerUITests */ = {
			isa = PBXGroup;
			children = (
				716329902ADDAF1100D77CF2 /* RsyncerUITests.swift */,
				716329922ADDAF1100D77CF2 /* RsyncerUITestsLaunchTests.swift */,
			);
			path = RsyncerUITests;
			sourceTree = "<group>";
		};
/* End PBXGroup section */

/* Begin PBXNativeTarget section */
		716329702ADDAF1000D77CF2 /* Rsyncer */ = {
			isa = PBXNativeTarget;
			buildConfigurationList = 716329962ADDAF1100D77CF2 /* Build configuration list for PBXNativeTarget "Rsyncer" */;
			buildPhases = (
				7163296D2ADDAF1000D77CF2 /* Sources */,
				7163296E2ADDAF1000D77CF2 /* Frameworks */,
				7163296F2ADDAF1000D77CF2 /* Resources */,
			);
			buildRules = (
			);
			dependencies = (
			);
			name = Rsyncer;
			productName = Rsyncer;
			productReference = 716329712ADDAF1000D77CF2 /* Rsyncer.app */;
			productType = "com.apple.product-type.application";
		};
		716329812ADDAF1100D77CF2 /* RsyncerTests */ = {
			isa = PBXNativeTarget;
			buildConfigurationList = 716329992ADDAF1100D77CF2 /* Build configuration list for PBXNativeTarget "RsyncerTests" */;
			buildPhases = (
				7163297E2ADDAF1100D77CF2 /* Sources */,
				7163297F2ADDAF1100D77CF2 /* Frameworks */,
				716329802ADDAF1100D77CF2 /* Resources */,
			);
			buildRules = (
			);
			dependencies = (
				716329842ADDAF1100D77CF2 /* PBXTargetDependency */,
			);
			name = RsyncerTests;
			productName = RsyncerTests;
			productReference = 716329822ADDAF1100D77CF2 /* RsyncerTests.xctest */;
			productType = "com.apple.product-type.bundle.unit-test";
		};
		7163298B2ADDAF1100D77CF2 /* RsyncerUITests */ = {
			isa = PBXNativeTarget;
			buildConfigurationList = 7163299C2ADDAF1100D77CF2 /* Build configuration list for PBXNativeTarget "RsyncerUITests" */;
			buildPhases = (
				716329882ADDAF1100D77CF2 /* Sources */,
				716329892ADDAF1100D77CF2 /* Frameworks */,
				7163298A2ADDAF1100D77CF2 /* Resources */,
			);
			buildRules = (
			);
			dependencies = (
				7163298E2ADDAF1100D77CF2 /* PBXTargetDependency */,
			);
			name = RsyncerUITests;
			productName = RsyncerUITests;
			productReference = 7163298C2ADDAF1100D77CF2 /* RsyncerUITests.xctest */;
			productType = "com.apple.product-type.bundle.ui-testing";
		};
/* End PBXNativeTarget section */

/* Begin PBXProject section */
		716329692ADDAF1000D77CF2 /* Project object */ = {
			isa = PBXProject;
			attributes = {
				BuildIndependentTargetsInParallel = 1;
				LastSwiftUpdateCheck = 1500;
				LastUpgradeCheck = 1500;
				TargetAttributes = {
					716329702ADDAF1000D77CF2 = {
						CreatedOnToolsVersion = 15.0;
					};
					716329812ADDAF1100D77CF2 = {
						CreatedOnToolsVersion = 15.0;
						TestTargetID = 716329702ADDAF1000D77CF2;
					};
					7163298B2ADDAF1100D77CF2 = {
						CreatedOnToolsVersion = 15.0;
						TestTargetID = 716329702ADDAF1000D77CF2;
					};
				};
			};
			buildConfigurationList = 7163296C2ADDAF1000D77CF2 /* Build configuration list for PBXProject "Rsyncer" */;
			compatibilityVersion = "Xcode 14.0";
			developmentRegion = en;
			hasScannedForEncodings = 0;
			knownRegions = (
				en,
				Base,
			);
			mainGroup = 716329682ADDAF1000D77CF2;
			productRefGroup = 716329722ADDAF1000D77CF2 /* Products */;
			projectDirPath = "";
			projectRoot = "";
			targets = (
				716329702ADDAF1000D77CF2 /* Rsyncer */,
				716329812ADDAF1100D77CF2 /* RsyncerTests */,
				7163298B2ADDAF1100D77CF2 /* RsyncerUITests */,
			);
		};
/* End PBXProject section */

/* Begin PBXResourcesBuildPhase section */
		7163296F2ADDAF1000D77CF2 /* Resources */ = {
			isa = PBXResourcesBuildPhase;
			buildActionMask = 2147483647;
			files = (
				7163297C2ADDAF1100D77CF2 /* Preview Assets.xcassets in Resources */,
				716329792ADDAF1100D77CF2 /* Assets.xcassets in Resources */,
			);
			runOnlyForDeploymentPostprocessing = 0;
		};
		716329802ADDAF1100D77CF2 /* Resources */ = {
			isa = PBXResourcesBuildPhase;
			buildActionMask = 2147483647;
			files = (
			);
			runOnlyForDeploymentPostprocessing = 0;
		};
		7163298A2ADDAF1100D77CF2 /* Resources */ = {
			isa = PBXResourcesBuildPhase;
			buildActionMask = 2147483647;
			files = (
			);
			runOnlyForDeploymentPostprocessing = 0;
		};
/* End PBXResourcesBuildPhase section */

/* Begin PBXSourcesBuildPhase section */
		7163296D2ADDAF1000D77CF2 /* Sources */ = {
			isa = PBXSourcesBuildPhase;
			buildActionMask = 2147483647;
			files = (
				716329772ADDAF1000D77CF2 /* ContentView.swift in Sources */,
				716329752ADDAF1000D77CF2 /* RsyncerApp.swift in Sources */,
			);
			runOnlyForDeploymentPostprocessing = 0;
		};
		7163297E2ADDAF1100D77CF2 /* Sources */ = {
			isa = PBXSourcesBuildPhase;
			buildActionMask = 2147483647;
			files = (
				716329872ADDAF1100D77CF2 /* RsyncerTests.swift in Sources */,
			);
			runOnlyForDeploymentPostprocessing = 0;
		};
		716329882ADDAF1100D77CF2 /* Sources */ = {
			isa = PBXSourcesBuildPhase;
			buildActionMask = 2147483647;
			files = (
				716329912ADDAF1100D77CF2 /* RsyncerUITests.swift in Sources */,
				716329932ADDAF1100D77CF2 /* RsyncerUITestsLaunchTests.swift in Sources */,
			);
			runOnlyForDeploymentPostprocessing = 0;
		};
/* End PBXSourcesBuildPhase section */

/* Begin PBXTargetDependency section */
		716329842ADDAF1100D77CF2 /* PBXTargetDependency */ = {
			isa = PBXTargetDependency;
			target = 716329702ADDAF1000D77CF2 /* Rsyncer */;
			targetProxy = 716329832ADDAF1100D77CF2 /* PBXContainerItemProxy */;
		};
		7163298E2ADDAF1100D77CF2 /* PBXTargetDependency */ = {
			isa = PBXTargetDependency;
			target = 716329702ADDAF1000D77CF2 /* Rsyncer */;
			targetProxy = 7163298D2ADDAF1100D77CF2 /* PBXContainerItemProxy */;
		};
/* End PBXTargetDependency section */

/* Begin XCBuildConfiguration section */
		716329942ADDAF1100D77CF2 /* Debug */ = {
			isa = XCBuildConfiguration;
			buildSettings = {
				ALWAYS_SEARCH_USER_PATHS = NO;
				ASSETCATALOG_COMPILER_GENERATE_SWIFT_ASSET_SYMBOL_EXTENSIONS = YES;
				CLANG_ANALYZER_NONNULL = YES;
				CLANG_ANALYZER_NUMBER_OBJECT_CONVERSION = YES_AGGRESSIVE;
				CLANG_CXX_LANGUAGE_STANDARD = "gnu++20";
				CLANG_ENABLE_MODULES = YES;
				CLANG_ENABLE_OBJC_ARC = YES;
				CLANG_ENABLE_OBJC_WEAK = YES;
				CLANG_WARN_BLOCK_CAPTURE_AUTORELEASING = YES;
				CLANG_WARN_BOOL_CONVERSION = YES;
				CLANG_WARN_COMMA = YES;
				CLANG_WARN_CONSTANT_CONVERSION = YES;
				CLANG_WARN_DEPRECATED_OBJC_IMPLEMENTATIONS = YES;
				CLANG_WARN_DIRECT_OBJC_ISA_USAGE = YES_ERROR;
				CLANG_WARN_DOCUMENTATION_COMMENTS = YES;
				CLANG_WARN_EMPTY_BODY = YES;
				CLANG_WARN_ENUM_CONVERSION = YES;
				CLANG_WARN_INFINITE_RECURSION = YES;
				CLANG_WARN_INT_CONVERSION = YES;
				CLANG_WARN_NON_LITERAL_NULL_CONVERSION = YES;
				CLANG_WARN_OBJC_IMPLICIT_RETAIN_SELF = YES;
				CLANG_WARN_OBJC_LITERAL_CONVERSION = YES;
				CLANG_WARN_OBJC_ROOT_CLASS = YES_ERROR;
				CLANG_WARN_QUOTED_INCLUDE_IN_FRAMEWORK_HEADER = YES;
				CLANG_WARN_RANGE_LOOP_ANALYSIS = YES;
				CLANG_WARN_STRICT_PROTOTYPES = YES;
				CLANG_WARN_SUSPICIOUS_MOVE = YES;
				CLANG_WARN_UNGUARDED_AVAILABILITY = YES_AGGRESSIVE;
				CLANG_WARN_UNREACHABLE_CODE = YES;
				CLANG_WARN__DUPLICATE_METHOD_MATCH = YES;
				COPY_PHASE_STRIP = NO;
				DEBUG_INFORMATION_FORMAT = dwarf;
				ENABLE_STRICT_OBJC_MSGSEND = YES;
				ENABLE_TESTABILITY = YES;
				ENABLE_USER_SCRIPT_SANDBOXING = YES;
				GCC_C_LANGUAGE_STANDARD = gnu17;
				GCC_DYNAMIC_NO_PIC = NO;
				GCC_NO_COMMON_BLOCKS = YES;
				GCC_OPTIMIZATION_LEVEL = 0;
				GCC_PREPROCESSOR_DEFINITIONS = (
					"DEBUG=1",
					"$(inherited)",
				);
				GCC_WARN_64_TO_32_BIT_CONVERSION = YES;
				GCC_WARN_ABOUT_RETURN_TYPE = YES_ERROR;
				GCC_WARN_UNDECLARED_SELECTOR = YES;
				GCC_WARN_UNINITIALIZED_AUTOS = YES_AGGRESSIVE;
				GCC_WARN_UNUSED_FUNCTION = YES;
				GCC_WARN_UNUSED_VARIABLE = YES;
				LOCALIZATION_PREFERS_STRING_CATALOGS = YES;
				MACOSX_DEPLOYMENT_TARGET = 14.0;
				MTL_ENABLE_DEBUG_INFO = INCLUDE_SOURCE;
				MTL_FAST_MATH = YES;
				ONLY_ACTIVE_ARCH = YES;
				SDKROOT = macosx;
				SWIFT_ACTIVE_COMPILATION_CONDITIONS = "DEBUG $(inherited)";
				SWIFT_OPTIMIZATION_LEVEL = "-Onone";
			};
			name = Debug;
		};
		716329952ADDAF1100D77CF2 /* Release */ = {
			isa = XCBuildConfiguration;
			buildSettings = {
				ALWAYS_SEARCH_USER_PATHS = NO;
				ASSETCATALOG_COMPILER_GENERATE_SWIFT_ASSET_SYMBOL_EXTENSIONS = YES;
				CLANG_ANALYZER_NONNULL = YES;
				CLANG_ANALYZER_NUMBER_OBJECT_CONVERSION = YES_AGGRESSIVE;
				CLANG_CXX_LANGUAGE_STANDARD = "gnu++20";
				CLANG_ENABLE_MODULES = YES;
				CLANG_ENABLE_OBJC_ARC = YES;
				CLANG_ENABLE_OBJC_WEAK = YES;
				CLANG_WARN_BLOCK_CAPTURE_AUTORELEASING = YES;
				CLANG_WARN_BOOL_CONVERSION = YES;
				CLANG_WARN_COMMA = YES;
				CLANG_WARN_CONSTANT_CONVERSION = YES;
				CLANG_WARN_DEPRECATED_OBJC_IMPLEMENTATIONS = YES;
				CLANG_WARN_DIRECT_OBJC_ISA_USAGE = YES_ERROR;
				CLANG_WARN_DOCUMENTATION_COMMENTS = YES;
				CLANG_WARN_EMPTY_BODY = YES;
				CLANG_WARN_ENUM_CONVERSION = YES;
				CLANG_WARN_INFINITE_RECURSION = YES;
				CLANG_WARN_INT_CONVERSION = YES;
				CLANG_WARN_NON_LITERAL_NULL_CONVERSION = YES;
				CLANG_WARN_OBJC_IMPLICIT_RETAIN_SELF = YES;
				CLANG_WARN_OBJC_LITERAL_CONVERSION = YES;
				CLANG_WARN_OBJC_ROOT_CLASS = YES_ERROR;
				CLANG_WARN_QUOTED_INCLUDE_IN_FRAMEWORK_HEADER = YES;
				CLANG_WARN_RANGE_LOOP_ANALYSIS = YES;
				CLANG_WARN_STRICT_PROTOTYPES = YES;
				CLANG_WARN_SUSPICIOUS_MOVE = YES;
				CLANG_WARN_UNGUARDED_AVAILABILITY = YES_AGGRESSIVE;
				CLANG_WARN_UNREACHABLE_CODE = YES;
				CLANG_WARN__DUPLICATE_METHOD_MATCH = YES;
				COPY_PHASE_STRIP = NO;
				DEBUG_INFORMATION_FORMAT = "dwarf-with-dsym";
				ENABLE_NS_ASSERTIONS = NO;
				ENABLE_STRICT_OBJC_MSGSEND = YES;
				ENABLE_USER_SCRIPT_SANDBOXING = YES;
				GCC_C_LANGUAGE_STANDARD = gnu17;
				GCC_NO_COMMON_BLOCKS = YES;
				GCC_WARN_64_TO_32_BIT_CONVERSION = YES;
				GCC_WARN_ABOUT_RETURN_TYPE = YES_ERROR;
				GCC_WARN_UNDECLARED_SELECTOR = YES;
				GCC_WARN_UNINITIALIZED_AUTOS = YES_AGGRESSIVE;
				GCC_WARN_UNUSED_FUNCTION = YES;
				GCC_WARN_UNUSED_VARIABLE = YES;
				LOCALIZATION_PREFERS_STRING_CATALOGS = YES;
				MACOSX_DEPLOYMENT_TARGET = 14.0;
				MTL_ENABLE_DEBUG_INFO = NO;
				MTL_FAST_MATH = YES;
				SDKROOT = macosx;
				SWIFT_COMPILATION_MODE = wholemodule;
			};
			name = Release;
		};
		716329972ADDAF1100D77CF2 /* Debug */ = {
			isa = XCBuildConfiguration;
			buildSettings = {
				ASSETCATALOG_COMPILER_APPICON_NAME = AppIcon;
				ASSETCATALOG_COMPILER_GLOBAL_ACCENT_COLOR_NAME = AccentColor;
				CODE_SIGN_ENTITLEMENTS = Rsyncer/Rsyncer.entitlements;
				CODE_SIGN_STYLE = Automatic;
				COMBINE_HIDPI_IMAGES = YES;
				CURRENT_PROJECT_VERSION = 1;
				DEVELOPMENT_ASSET_PATHS = "\"Rsyncer/Preview Content\"";
				DEVELOPMENT_TEAM = LF6TKAV2RK;
				ENABLE_HARDENED_RUNTIME = YES;
				ENABLE_PREVIEWS = YES;
				GENERATE_INFOPLIST_FILE = YES;
				INFOPLIST_KEY_NSHumanReadableCopyright = "";
				LD_RUNPATH_SEARCH_PATHS = (
					"$(inherited)",
					"@executable_path/../Frameworks",
				);
				MARKETING_VERSION = 1.0;
				PRODUCT_BUNDLE_IDENTIFIER = com.commithash.Rsyncer;
				PRODUCT_NAME = "$(TARGET_NAME)";
				SWIFT_EMIT_LOC_STRINGS = YES;
				SWIFT_VERSION = 5.0;
			};
			name = Debug;
		};
		716329982ADDAF1100D77CF2 /* Release */ = {
			isa = XCBuildConfiguration;
			buildSettings = {
				ASSETCATALOG_COMPILER_APPICON_NAME = AppIcon;
				ASSETCATALOG_COMPILER_GLOBAL_ACCENT_COLOR_NAME = AccentColor;
				CODE_SIGN_ENTITLEMENTS = Rsyncer/Rsyncer.entitlements;
				CODE_SIGN_STYLE = Automatic;
				COMBINE_HIDPI_IMAGES = YES;
				CURRENT_PROJECT_VERSION = 1;
				DEVELOPMENT_ASSET_PATHS = "\"Rsyncer/Preview Content\"";
				DEVELOPMENT_TEAM = LF6TKAV2RK;
				ENABLE_HARDENED_RUNTIME = YES;
				ENABLE_PREVIEWS = YES;
				GENERATE_INFOPLIST_FILE = YES;
				INFOPLIST_KEY_NSHumanReadableCopyright = "";
				LD_RUNPATH_SEARCH_PATHS = (
					"$(inherited)",
					"@executable_path/../Frameworks",
				);
				MARKETING_VERSION = 1.0;
				PRODUCT_BUNDLE_IDENTIFIER = com.commithash.Rsyncer;
				PRODUCT_NAME = "$(TARGET_NAME)";
				SWIFT_EMIT_LOC_STRINGS = YES;
				SWIFT_VERSION = 5.0;
			};
			name = Release;
		};
		7163299A2ADDAF1100D77CF2 /* Debug */ = {
			isa = XCBuildConfiguration;
			buildSettings = {
				ALWAYS_EMBED_SWIFT_STANDARD_LIBRARIES = YES;
				BUNDLE_LOADER = "$(TEST_HOST)";
				CODE_SIGN_STYLE = Automatic;
				CURRENT_PROJECT_VERSION = 1;
				DEVELOPMENT_TEAM = LF6TKAV2RK;
				GENERATE_INFOPLIST_FILE = YES;
				MACOSX_DEPLOYMENT_TARGET = 14.0;
				MARKETING_VERSION = 1.0;
				PRODUCT_BUNDLE_IDENTIFIER = com.commithash.RsyncerTests;
				PRODUCT_NAME = "$(TARGET_NAME)";
				SWIFT_EMIT_LOC_STRINGS = NO;
				SWIFT_VERSION = 5.0;
				TEST_HOST = "$(BUILT_PRODUCTS_DIR)/Rsyncer.app/$(BUNDLE_EXECUTABLE_FOLDER_PATH)/Rsyncer";
			};
			name = Debug;
		};
		7163299B2ADDAF1100D77CF2 /* Release */ = {
			isa = XCBuildConfiguration;
			buildSettings = {
				ALWAYS_EMBED_SWIFT_STANDARD_LIBRARIES = YES;
				BUNDLE_LOADER = "$(TEST_HOST)";
				CODE_SIGN_STYLE = Automatic;
				CURRENT_PROJECT_VERSION = 1;
				DEVELOPMENT_TEAM = LF6TKAV2RK;
				GENERATE_INFOPLIST_FILE = YES;
				MACOSX_DEPLOYMENT_TARGET = 14.0;
				MARKETING_VERSION = 1.0;
				PRODUCT_BUNDLE_IDENTIFIER = com.commithash.RsyncerTests;
				PRODUCT_NAME = "$(TARGET_NAME)";
				SWIFT_EMIT_LOC_STRINGS = NO;
				SWIFT_VERSION = 5.0;
				TEST_HOST = "$(BUILT_PRODUCTS_DIR)/Rsyncer.app/$(BUNDLE_EXECUTABLE_FOLDER_PATH)/Rsyncer";
			};
			name = Release;
		};
		7163299D2ADDAF1100D77CF2 /* Debug */ = {
			isa = XCBuildConfiguration;
			buildSettings = {
				ALWAYS_EMBED_SWIFT_STANDARD_LIBRARIES = YES;
				CODE_SIGN_STYLE = Automatic;
				CURRENT_PROJECT_VERSION = 1;
				DEVELOPMENT_TEAM = LF6TKAV2RK;
				GENERATE_INFOPLIST_FILE = YES;
				MARKETING_VERSION = 1.0;
				PRODUCT_BUNDLE_IDENTIFIER = com.commithash.RsyncerUITests;
				PRODUCT_NAME = "$(TARGET_NAME)";
				SWIFT_EMIT_LOC_STRINGS = NO;
				SWIFT_VERSION = 5.0;
				TEST_TARGET_NAME = Rsyncer;
			};
			name = Debug;
		};
		7163299E2ADDAF1100D77CF2 /* Release */ = {
			isa = XCBuildConfiguration;
			buildSettings = {
				ALWAYS_EMBED_SWIFT_STANDARD_LIBRARIES = YES;
				CODE_SIGN_STYLE = Automatic;
				CURRENT_PROJECT_VERSION = 1;
				DEVELOPMENT_TEAM = LF6TKAV2RK;
				GENERATE_INFOPLIST_FILE = YES;
				MARKETING_VERSION = 1.0;
				PRODUCT_BUNDLE_IDENTIFIER = com.commithash.RsyncerUITests;
				PRODUCT_NAME = "$(TARGET_NAME)";
				SWIFT_EMIT_LOC_STRINGS = NO;
				SWIFT_VERSION = 5.0;
				TEST_TARGET_NAME = Rsyncer;
			};
			name = Release;
		};
/* End XCBuildConfiguration section */

/* Begin XCConfigurationList section */
		7163296C2ADDAF1000D77CF2 /* Build configuration list for PBXProject "Rsyncer" */ = {
			isa = XCConfigurationList;
			buildConfigurations = (
				716329942ADDAF1100D77CF2 /* Debug */,
				716329952ADDAF1100D77CF2 /* Release */,
			);
			defaultConfigurationIsVisible = 0;
			defaultConfigurationName = Release;
		};
		716329962ADDAF1100D77CF2 /* Build configuration list for PBXNativeTarget "Rsyncer" */ = {
			isa = XCConfigurationList;
			buildConfigurations = (
				716329972ADDAF1100D77CF2 /* Debug */,
				716329982ADDAF1100D77CF2 /* Release */,
			);
			defaultConfigurationIsVisible = 0;
			defaultConfigurationName = Release;
		};
		716329992ADDAF1100D77CF2 /* Build configuration list for PBXNativeTarget "RsyncerTests" */ = {
			isa = XCConfigurationList;
			buildConfigurations = (
				7163299A2ADDAF1100D77CF2 /* Debug */,
				7163299B2ADDAF1100D77CF2 /* Release */,
			);
			defaultConfigurationIsVisible = 0;
			defaultConfigurationName = Release;
		};
		7163299C2ADDAF1100D77CF2 /* Build configuration list for PBXNativeTarget "RsyncerUITests" */ = {
			isa = XCConfigurationList;
			buildConfigurations = (
				7163299D2ADDAF1100D77CF2 /* Debug */,
				7163299E2ADDAF1100D77CF2 /* Release */,
			);
			defaultConfigurationIsVisible = 0;
			defaultConfigurationName = Release;
		};
/* End XCConfigurationList section */
	};
	rootObject = 716329692ADDAF1000D77CF2 /* Project object */;
}
