// !$*UTF8*$!
{
	archiveVersion = 1;
	classes = {
	};
	objectVersion = 56;
	objects = {

/* Begin PBXBuildFile section */
		7150F0D02ADF241A0015861E /* Volume Mount.aif in Resources */ = {isa = PBXBuildFile; fileRef = 7150F0CF2ADF22A30015861E /* Volume Mount.aif */; };
		7150F0D32ADF253C0015861E /* AVFoundation.framework in Frameworks */ = {isa = PBXBuildFile; fileRef = 7150F0D22ADF253B0015861E /* AVFoundation.framework */; };
		716329752ADDAF1000D77CF2 /* RsyncerApp.swift in Sources */ = {isa = PBXBuildFile; fileRef = 716329742ADDAF1000D77CF2 /* RsyncerApp.swift */; };
		716329772ADDAF1000D77CF2 /* ContentView.swift in Sources */ = {isa = PBXBuildFile; fileRef = 716329762ADDAF1000D77CF2 /* ContentView.swift */; };
		716329792ADDAF1100D77CF2 /* Assets.xcassets in Resources */ = {isa = PBXBuildFile; fileRef = 716329782ADDAF1100D77CF2 /* Assets.xcassets */; };
		7163297C2ADDAF1100D77CF2 /* Preview Assets.xcassets in Resources */ = {isa = PBXBuildFile; fileRef = 7163297B2ADDAF1100D77CF2 /* Preview Assets.xcassets */; };
/* End PBXBuildFile section */

/* Begin PBXFileReference section */
		7150F0CF2ADF22A30015861E /* Volume Mount.aif */ = {isa = PBXFileReference; lastKnownFileType = file; path = "Volume Mount.aif"; sourceTree = "<group>"; };
		7150F0D22ADF253B0015861E /* AVFoundation.framework */ = {isa = PBXFileReference; lastKnownFileType = wrapper.framework; name = AVFoundation.framework; path = System/Library/Frameworks/AVFoundation.framework; sourceTree = SDKROOT; };
		7150F0D42AE82CD10015861E /* Info.plist */ = {isa = PBXFileReference; lastKnownFileType = text.plist; path = Info.plist; sourceTree = "<group>"; };
		7150F0D52AE83CFF0015861E /* README.md */ = {isa = PBXFileReference; lastKnownFileType = net.daringfireball.markdown; path = README.md; sourceTree = "<group>"; };
		716329712ADDAF1000D77CF2 /* Rsyncer.app */ = {isa = PBXFileReference; explicitFileType = wrapper.application; includeInIndex = 0; path = Rsyncer.app; sourceTree = BUILT_PRODUCTS_DIR; };
		716329742ADDAF1000D77CF2 /* RsyncerApp.swift */ = {isa = PBXFileReference; lastKnownFileType = sourcecode.swift; path = RsyncerApp.swift; sourceTree = "<group>"; };
		716329762ADDAF1000D77CF2 /* ContentView.swift */ = {isa = PBXFileReference; lastKnownFileType = sourcecode.swift; path = ContentView.swift; sourceTree = "<group>"; };
		716329782ADDAF1100D77CF2 /* Assets.xcassets */ = {isa = PBXFileReference; lastKnownFileType = folder.assetcatalog; path = Assets.xcassets; sourceTree = "<group>"; };
		7163297B2ADDAF1100D77CF2 /* Preview Assets.xcassets */ = {isa = PBXFileReference; lastKnownFileType = folder.assetcatalog; path = "Preview Assets.xcassets"; sourceTree = "<group>"; };
		7163297D2ADDAF1100D77CF2 /* Rsyncer.entitlements */ = {isa = PBXFileReference; lastKnownFileType = text.plist.entitlements; path = Rsyncer.entitlements; sourceTree = "<group>"; };
/* End PBXFileReference section */

/* Begin PBXFrameworksBuildPhase section */
		7163296E2ADDAF1000D77CF2 /* Frameworks */ = {
			isa = PBXFrameworksBuildPhase;
			buildActionMask = 2147483647;
			files = (
				7150F0D32ADF253C0015861E /* AVFoundation.framework in Frameworks */,
			);
			runOnlyForDeploymentPostprocessing = 0;
		};
/* End PBXFrameworksBuildPhase section */

/* Begin PBXGroup section */
		7150F0D12ADF253B0015861E /* Frameworks */ = {
			isa = PBXGroup;
			children = (
				7150F0D22ADF253B0015861E /* AVFoundation.framework */,
			);
			name = Frameworks;
			sourceTree = "<group>";
		};
		716329682ADDAF1000D77CF2 = {
			isa = PBXGroup;
			children = (
				7150F0D52AE83CFF0015861E /* README.md */,
				716329732ADDAF1000D77CF2 /* Rsyncer */,
				716329722ADDAF1000D77CF2 /* Products */,
				7150F0D12ADF253B0015861E /* Frameworks */,
			);
			sourceTree = "<group>";
		};
		716329722ADDAF1000D77CF2 /* Products */ = {
			isa = PBXGroup;
			children = (
				716329712ADDAF1000D77CF2 /* Rsyncer.app */,
			);
			name = Products;
			sourceTree = "<group>";
		};
		716329732ADDAF1000D77CF2 /* Rsyncer */ = {
			isa = PBXGroup;
			children = (
				7150F0D42AE82CD10015861E /* Info.plist */,
				7150F0CF2ADF22A30015861E /* Volume Mount.aif */,
				716329742ADDAF1000D77CF2 /* RsyncerApp.swift */,
				716329762ADDAF1000D77CF2 /* ContentView.swift */,
				716329782ADDAF1100D77CF2 /* Assets.xcassets */,
				7163297D2ADDAF1100D77CF2 /* Rsyncer.entitlements */,
				7163297A2ADDAF1100D77CF2 /* Preview Content */,
			);
			path = Rsyncer;
			sourceTree = "<group>";
		};
		7163297A2ADDAF1100D77CF2 /* Preview Content */ = {
			isa = PBXGroup;
			children = (
				7163297B2ADDAF1100D77CF2 /* Preview Assets.xcassets */,
			);
			path = "Preview Content";
			sourceTree = "<group>";
		};
/* End PBXGroup section */

/* Begin PBXNativeTarget section */
		716329702ADDAF1000D77CF2 /* Rsyncer */ = {
			isa = PBXNativeTarget;
			buildConfigurationList = 716329962ADDAF1100D77CF2 /* Build configuration list for PBXNativeTarget "Rsyncer" */;
			buildPhases = (
				7163296D2ADDAF1000D77CF2 /* Sources */,
				7163296E2ADDAF1000D77CF2 /* Frameworks */,
				7163296F2ADDAF1000D77CF2 /* Resources */,
			);
			buildRules = (
			);
			dependencies = (
			);
			name = Rsyncer;
			productName = Rsyncer;
			productReference = 716329712ADDAF1000D77CF2 /* Rsyncer.app */;
			productType = "com.apple.product-type.application";
		};
/* End PBXNativeTarget section */

/* Begin PBXProject section */
		716329692ADDAF1000D77CF2 /* Project object */ = {
			isa = PBXProject;
			attributes = {
				BuildIndependentTargetsInParallel = 1;
				LastSwiftUpdateCheck = 1500;
				LastUpgradeCheck = 1500;
				TargetAttributes = {
					716329702ADDAF1000D77CF2 = {
						CreatedOnToolsVersion = 15.0;
					};
				};
			};
			buildConfigurationList = 7163296C2ADDAF1000D77CF2 /* Build configuration list for PBXProject "Rsyncer" */;
			compatibilityVersion = "Xcode 14.0";
			developmentRegion = en;
			hasScannedForEncodings = 0;
			knownRegions = (
				en,
				Base,
			);
			mainGroup = 716329682ADDAF1000D77CF2;
			productRefGroup = 716329722ADDAF1000D77CF2 /* Products */;
			projectDirPath = "";
			projectRoot = "";
			targets = (
				716329702ADDAF1000D77CF2 /* Rsyncer */,
			);
		};
/* End PBXProject section */

/* Begin PBXResourcesBuildPhase section */
		7163296F2ADDAF1000D77CF2 /* Resources */ = {
			isa = PBXResourcesBuildPhase;
			buildActionMask = 2147483647;
			files = (
				7150F0D02ADF241A0015861E /* Volume Mount.aif in Resources */,
				7163297C2ADDAF1100D77CF2 /* Preview Assets.xcassets in Resources */,
				716329792ADDAF1100D77CF2 /* Assets.xcassets in Resources */,
			);
			runOnlyForDeploymentPostprocessing = 0;
		};
/* End PBXResourcesBuildPhase section */

/* Begin PBXSourcesBuildPhase section */
		7163296D2ADDAF1000D77CF2 /* Sources */ = {
			isa = PBXSourcesBuildPhase;
			buildActionMask = 2147483647;
			files = (
				716329772ADDAF1000D77CF2 /* ContentView.swift in Sources */,
				716329752ADDAF1000D77CF2 /* RsyncerApp.swift in Sources */,
			);
			runOnlyForDeploymentPostprocessing = 0;
		};
/* End PBXSourcesBuildPhase section */

/* Begin XCBuildConfiguration section */
		716329942ADDAF1100D77CF2 /* Debug */ = {
			isa = XCBuildConfiguration;
			buildSettings = {
				ALWAYS_SEARCH_USER_PATHS = NO;
				ASSETCATALOG_COMPILER_GENERATE_SWIFT_ASSET_SYMBOL_EXTENSIONS = YES;
				CLANG_ANALYZER_NONNULL = YES;
				CLANG_ANALYZER_NUMBER_OBJECT_CONVERSION = YES_AGGRESSIVE;
				CLANG_CXX_LANGUAGE_STANDARD = "gnu++20";
				CLANG_ENABLE_MODULES = YES;
				CLANG_ENABLE_OBJC_ARC = YES;
				CLANG_ENABLE_OBJC_WEAK = YES;
				CLANG_WARN_BLOCK_CAPTURE_AUTORELEASING = YES;
				CLANG_WARN_BOOL_CONVERSION = YES;
				CLANG_WARN_COMMA = YES;
				CLANG_WARN_CONSTANT_CONVERSION = YES;
				CLANG_WARN_DEPRECATED_OBJC_IMPLEMENTATIONS = YES;
				CLANG_WARN_DIRECT_OBJC_ISA_USAGE = YES_ERROR;
				CLANG_WARN_DOCUMENTATION_COMMENTS = YES;
				CLANG_WARN_EMPTY_BODY = YES;
				CLANG_WARN_ENUM_CONVERSION = YES;
				CLANG_WARN_INFINITE_RECURSION = YES;
				CLANG_WARN_INT_CONVERSION = YES;
				CLANG_WARN_NON_LITERAL_NULL_CONVERSION = YES;
				CLANG_WARN_OBJC_IMPLICIT_RETAIN_SELF = YES;
				CLANG_WARN_OBJC_LITERAL_CONVERSION = YES;
				CLANG_WARN_OBJC_ROOT_CLASS = YES_ERROR;
				CLANG_WARN_QUOTED_INCLUDE_IN_FRAMEWORK_HEADER = YES;
				CLANG_WARN_RANGE_LOOP_ANALYSIS = YES;
				CLANG_WARN_STRICT_PROTOTYPES = YES;
				CLANG_WARN_SUSPICIOUS_MOVE = YES;
				CLANG_WARN_UNGUARDED_AVAILABILITY = YES_AGGRESSIVE;
				CLANG_WARN_UNREACHABLE_CODE = YES;
				CLANG_WARN__DUPLICATE_METHOD_MATCH = YES;
				COPY_PHASE_STRIP = NO;
				DEBUG_INFORMATION_FORMAT = dwarf;
				ENABLE_STRICT_OBJC_MSGSEND = YES;
				ENABLE_TESTABILITY = YES;
				ENABLE_USER_SCRIPT_SANDBOXING = YES;
				GCC_C_LANGUAGE_STANDARD = gnu17;
				GCC_DYNAMIC_NO_PIC = NO;
				GCC_NO_COMMON_BLOCKS = YES;
				GCC_OPTIMIZATION_LEVEL = 0;
				GCC_PREPROCESSOR_DEFINITIONS = (
					"DEBUG=1",
					"$(inherited)",
				);
				GCC_WARN_64_TO_32_BIT_CONVERSION = YES;
				GCC_WARN_ABOUT_RETURN_TYPE = YES_ERROR;
				GCC_WARN_UNDECLARED_SELECTOR = YES;
				GCC_WARN_UNINITIALIZED_AUTOS = YES_AGGRESSIVE;
				GCC_WARN_UNUSED_FUNCTION = YES;
				GCC_WARN_UNUSED_VARIABLE = YES;
				LOCALIZATION_PREFERS_STRING_CATALOGS = YES;
				MACOSX_DEPLOYMENT_TARGET = 14.0;
				MTL_ENABLE_DEBUG_INFO = INCLUDE_SOURCE;
				MTL_FAST_MATH = YES;
				ONLY_ACTIVE_ARCH = YES;
				SDKROOT = macosx;
				SWIFT_ACTIVE_COMPILATION_CONDITIONS = "DEBUG $(inherited)";
				SWIFT_OPTIMIZATION_LEVEL = "-Onone";
			};
			name = Debug;
		};
		716329952ADDAF1100D77CF2 /* Release */ = {
			isa = XCBuildConfiguration;
			buildSettings = {
				ALWAYS_SEARCH_USER_PATHS = NO;
				ASSETCATALOG_COMPILER_GENERATE_SWIFT_ASSET_SYMBOL_EXTENSIONS = YES;
				CLANG_ANALYZER_NONNULL = YES;
				CLANG_ANALYZER_NUMBER_OBJECT_CONVERSION = YES_AGGRESSIVE;
				CLANG_CXX_LANGUAGE_STANDARD = "gnu++20";
				CLANG_ENABLE_MODULES = YES;
				CLANG_ENABLE_OBJC_ARC = YES;
				CLANG_ENABLE_OBJC_WEAK = YES;
				CLANG_WARN_BLOCK_CAPTURE_AUTORELEASING = YES;
				CLANG_WARN_BOOL_CONVERSION = YES;
				CLANG_WARN_COMMA = YES;
				CLANG_WARN_CONSTANT_CONVERSION = YES;
				CLANG_WARN_DEPRECATED_OBJC_IMPLEMENTATIONS = YES;
				CLANG_WARN_DIRECT_OBJC_ISA_USAGE = YES_ERROR;
				CLANG_WARN_DOCUMENTATION_COMMENTS = YES;
				CLANG_WARN_EMPTY_BODY = YES;
				CLANG_WARN_ENUM_CONVERSION = YES;
				CLANG_WARN_INFINITE_RECURSION = YES;
				CLANG_WARN_INT_CONVERSION = YES;
				CLANG_WARN_NON_LITERAL_NULL_CONVERSION = YES;
				CLANG_WARN_OBJC_IMPLICIT_RETAIN_SELF = YES;
				CLANG_WARN_OBJC_LITERAL_CONVERSION = YES;
				CLANG_WARN_OBJC_ROOT_CLASS = YES_ERROR;
				CLANG_WARN_QUOTED_INCLUDE_IN_FRAMEWORK_HEADER = YES;
				CLANG_WARN_RANGE_LOOP_ANALYSIS = YES;
				CLANG_WARN_STRICT_PROTOTYPES = YES;
				CLANG_WARN_SUSPICIOUS_MOVE = YES;
				CLANG_WARN_UNGUARDED_AVAILABILITY = YES_AGGRESSIVE;
				CLANG_WARN_UNREACHABLE_CODE = YES;
				CLANG_WARN__DUPLICATE_METHOD_MATCH = YES;
				COPY_PHASE_STRIP = NO;
				DEBUG_INFORMATION_FORMAT = "dwarf-with-dsym";
				ENABLE_NS_ASSERTIONS = NO;
				ENABLE_STRICT_OBJC_MSGSEND = YES;
				ENABLE_USER_SCRIPT_SANDBOXING = YES;
				GCC_C_LANGUAGE_STANDARD = gnu17;
				GCC_NO_COMMON_BLOCKS = YES;
				GCC_WARN_64_TO_32_BIT_CONVERSION = YES;
				GCC_WARN_ABOUT_RETURN_TYPE = YES_ERROR;
				GCC_WARN_UNDECLARED_SELECTOR = YES;
				GCC_WARN_UNINITIALIZED_AUTOS = YES_AGGRESSIVE;
				GCC_WARN_UNUSED_FUNCTION = YES;
				GCC_WARN_UNUSED_VARIABLE = YES;
				LOCALIZATION_PREFERS_STRING_CATALOGS = YES;
				MACOSX_DEPLOYMENT_TARGET = 14.0;
				MTL_ENABLE_DEBUG_INFO = NO;
				MTL_FAST_MATH = YES;
				SDKROOT = macosx;
				SWIFT_COMPILATION_MODE = wholemodule;
			};
			name = Release;
		};
		716329972ADDAF1100D77CF2 /* Debug */ = {
			isa = XCBuildConfiguration;
			buildSettings = {
				ASSETCATALOG_COMPILER_APPICON_NAME = AppIcon;
				ASSETCATALOG_COMPILER_GLOBAL_ACCENT_COLOR_NAME = AccentColor;
				ASSETCATALOG_COMPILER_INCLUDE_ALL_APPICON_ASSETS = NO;
				CODE_SIGN_ENTITLEMENTS = Rsyncer/Rsyncer.entitlements;
				CODE_SIGN_STYLE = Automatic;
				COMBINE_HIDPI_IMAGES = YES;
				CURRENT_PROJECT_VERSION = 1;
				DEVELOPMENT_ASSET_PATHS = "\"Rsyncer/Preview Content\"";
				DEVELOPMENT_TEAM = LF6TKAV2RK;
				ENABLE_HARDENED_RUNTIME = YES;
				ENABLE_PREVIEWS = YES;
				GENERATE_INFOPLIST_FILE = YES;
				INFOPLIST_FILE = Rsyncer/Info.plist;
				INFOPLIST_KEY_NSHumanReadableCopyright = "";
				LD_RUNPATH_SEARCH_PATHS = (
					"$(inherited)",
					"@executable_path/../Frameworks",
				);
				MARKETING_VERSION = 1.0;
				PRODUCT_BUNDLE_IDENTIFIER = com.commithash.Rsyncer;
				PRODUCT_NAME = "$(TARGET_NAME)";
				SWIFT_EMIT_LOC_STRINGS = YES;
				SWIFT_VERSION = 5.0;
			};
			name = Debug;
		};
		716329982ADDAF1100D77CF2 /* Release */ = {
			isa = XCBuildConfiguration;
			buildSettings = {
				ASSETCATALOG_COMPILER_APPICON_NAME = AppIcon;
				ASSETCATALOG_COMPILER_GLOBAL_ACCENT_COLOR_NAME = AccentColor;
				ASSETCATALOG_COMPILER_INCLUDE_ALL_APPICON_ASSETS = NO;
				CODE_SIGN_ENTITLEMENTS = Rsyncer/Rsyncer.entitlements;
				CODE_SIGN_STYLE = Automatic;
				COMBINE_HIDPI_IMAGES = YES;
				CURRENT_PROJECT_VERSION = 1;
				DEVELOPMENT_ASSET_PATHS = "\"Rsyncer/Preview Content\"";
				DEVELOPMENT_TEAM = LF6TKAV2RK;
				ENABLE_HARDENED_RUNTIME = YES;
				ENABLE_PREVIEWS = YES;
				GENERATE_INFOPLIST_FILE = YES;
				INFOPLIST_FILE = Rsyncer/Info.plist;
				INFOPLIST_KEY_NSHumanReadableCopyright = "";
				LD_RUNPATH_SEARCH_PATHS = (
					"$(inherited)",
					"@executable_path/../Frameworks",
				);
				MARKETING_VERSION = 1.0;
				PRODUCT_BUNDLE_IDENTIFIER = com.commithash.Rsyncer;
				PRODUCT_NAME = "$(TARGET_NAME)";
				SWIFT_EMIT_LOC_STRINGS = YES;
				SWIFT_VERSION = 5.0;
			};
			name = Release;
		};
/* End XCBuildConfiguration section */

/* Begin XCConfigurationList section */
		7163296C2ADDAF1000D77CF2 /* Build configuration list for PBXProject "Rsyncer" */ = {
			isa = XCConfigurationList;
			buildConfigurations = (
				716329942ADDAF1100D77CF2 /* Debug */,
				716329952ADDAF1100D77CF2 /* Release */,
			);
			defaultConfigurationIsVisible = 0;
			defaultConfigurationName = Release;
		};
		716329962ADDAF1100D77CF2 /* Build configuration list for PBXNativeTarget "Rsyncer" */ = {
			isa = XCConfigurationList;
			buildConfigurations = (
				716329972ADDAF1100D77CF2 /* Debug */,
				716329982ADDAF1100D77CF2 /* Release */,
			);
			defaultConfigurationIsVisible = 0;
			defaultConfigurationName = Release;
		};
/* End XCConfigurationList section */
	};
	rootObject = 716329692ADDAF1000D77CF2 /* Project object */;
}
